{
  "lockfileVersion": 1,
  "workspaces": {
    "": {
      "name": "yeet-infra",
      "dependencies": {
        "aws-cdk-lib": "^2.170.0",
        "constructs": "^10.4.0",
      },
      "devDependencies": {
        "aws-cdk": "^2.170.0",
        "typescript": "^5.6.0",
      },
    },
  },
  "packages": {
    "@aws-cdk/asset-awscli-v1": ["@aws-cdk/asset-awscli-v1@2.2.282", "", {}, "sha512-7hKMi5tTxDcKGIMIOq14PnY0GBcugW33Uh/2YHDZiEwSxLeFOCYBwhR+BFXONb/EJeVI3RETFgailNZbkcKF6g=="],

    "@aws-cdk/asset-node-proxy-agent-v6": ["@aws-cdk/asset-node-proxy-agent-v6@2.1.2", "", {}, "sha512-pDiuqH+qY3zM9lhhLjbKJ1tnKOHzQ2V4Wr/3qsxyKeKAkuPMI/BVGvZG1PbrikUw949cGVTfVEt4ETKKYnrj0Q=="],

    "@aws-cdk/cloud-assembly-api": ["@aws-cdk/cloud-assembly-api@2.3.0", "", { "dependencies": { "json-source-map": "^0.6.1", "jsonschema": "^1.5.0", "semver": "^7.8.5" }, "peerDependencies": { "@aws-cdk/cloud-assembly-schema": ">=54.12.0" } }, "sha512-Z+TYWH9YJGDQSwjORTWvfRFHGK5Gzdp73ElVO8mmZrgndlZgNV2LJOcX1HYRlU/OuR7I+Qo5GLpfc/PM1s7JlQ=="],

    "@aws-cdk/cloud-assembly-schema": ["@aws-cdk/cloud-assembly-schema@54.14.0", "", { "dependencies": { "jsonschema": "^1.5.0", "semver": "^7.8.5" } }, "sha512-JCZCzgp3SuXQVljaKqXnttHzcezEHt9Ag/YipK0XwUFD+Iz2T4jY7gUc3pA25Uq6pzY2n9DvO/nEU++dPXW4Rw=="],

    "@aws/cloudformation-validate": ["@aws/cloudformation-validate@1.5.1-beta", "", {}, "sha512-AHua/1/kmVLxkk0qs5bt4vWy64ZV5JUb1MsGKbxttYCF/NykR7WrtQrAGExLi7fdkGa+Ys8U612nG7QIp/z3nQ=="],

    "@balena/dockerignore": ["@balena/dockerignore@1.0.2", "", {}, "sha512-wMue2Sy4GAVTk6Ic4tJVcnfdau+gx2EnG7S+uAEe+TWJFqE4YoWN4/H8MSLj4eYJKxGg26lZwboEniNiNwZQ6Q=="],

    "aws-cdk": ["aws-cdk@2.1133.0", "", { "bin": { "cdk": "bin/cdk" } }, "sha512-DGlCBwqxSHTe1u/IoT5WV+Bbd2K3UhwFHsdMqb2nQa1fkJmaQgoNFu0It+p3HxyMWeW+gKsVzT5KcjQPQ6Kzuw=="],

    "aws-cdk-lib": ["aws-cdk-lib@2.262.1", "", { "dependencies": { "@aws-cdk/asset-awscli-v1": "2.2.282", "@aws-cdk/asset-node-proxy-agent-v6": "^2.1.2", "@aws-cdk/cloud-assembly-api": "^2.2.6", "@aws-cdk/cloud-assembly-schema": "^54.11.0", "@aws/cloudformation-validate": "1.5.1-beta", "@balena/dockerignore": "^1.0.2", "case": "1.6.3", "fs-extra": "^11.3.6", "ignore": "^5.3.2", "jsonschema": "^1.5.0", "mime-types": "^2.1.35", "minimatch": "^10.2.5", "punycode": "^2.3.1", "semver": "^7.8.5", "yaml": "1.10.3" }, "peerDependencies": { "constructs": "^10.5.0" } }, "sha512-B6YP4r6ojUZCDhl+qBu/CrWzcipR8sIgshcqYvgw013sghPXmVkYdJ3yuI9+DKML3YLSjQrHy1nGJs+Nqq7JCg=="],

    "balanced-match": ["balanced-match@4.0.4", "", {}, "sha512-BLrgEcRTwX2o6gGxGOCNyMvGSp35YofuYzw9h1IMTRmKqttAZZVU67bdb9Pr2vUHA8+j3i2tJfjO6C6+4myGTA=="],

    "brace-expansion": ["brace-expansion@5.0.8", "", { "dependencies": { "balanced-match": "^4.0.2" } }, "sha512-JZyDyq3D4AUifKTPOB7DELf6XsB3WdPuNxCtob1vFXPsSXhdAiHBWJ/tJ8HAc9aH84BK+5JFZLNkJKx3G9kzQg=="],

    "case": ["case@1.6.3", "", {}, "sha512-mzDSXIPaFwVDvZAHqZ9VlbyF4yyXRuX6IvB06WvPYkqJVO24kX1PPhv9bfpKNFZyxYFmmgo03HUiD8iklmJYRQ=="],

    "constructs": ["constructs@10.7.1", "", {}, "sha512-ulK25Sg2Nv1jW+A9VeV7fu9GFN9KdVTNWdXMoapNRwqkQzSdToro/Tttk3Ak5BGI80NRA/d2nSzKnoZ27LizLw=="],

    "fs-extra": ["fs-extra@11.4.0", "", { "dependencies": { "graceful-fs": "^4.2.0", "jsonfile": "^6.0.1", "universalify": "^2.0.0" } }, "sha512-EQsFzMUJkCKGr1ePqlYADkIUmHW1s3ZXr5Yqy6wbGrfUCphpl2maM/kyOIRA2HpP3AaFQTZXD4ldjek+nccddA=="],

    "graceful-fs": ["graceful-fs@4.2.11", "", {}, "sha512-RbJ5/jmFcNNCcDV5o9eTnBLJ/HszWV0P73bc+Ff4nS/rJj+YaS6IGyiOL0VoBYX+l1Wrl3k63h/KrH+nhJ0XvQ=="],

    "ignore": ["ignore@5.3.2", "", {}, "sha512-hsBTNUqQTDwkWtcdYI2i06Y/nUBEsNEDJKjWdigLvegy8kDuJAS8uRlpkkcQpyEXL0Z/pjDy5HBmMjRCJ2gq+g=="],

    "json-source-map": ["json-source-map@0.6.1", "", {}, "sha512-1QoztHPsMQqhDq0hlXY5ZqcEdUzxQEIxgFkKl4WUp2pgShObl+9ovi4kRh2TfvAfxAoHOJ9vIMEqk3k4iex7tg=="],

    "jsonfile": ["jsonfile@6.2.1", "", { "dependencies": { "universalify": "^2.0.0" }, "optionalDependencies": { "graceful-fs": "^4.1.6" } }, "sha512-zwOTdL3rFQ/lRdBnntKVOX6k5cKJwEc1HdilT71BWEu7J41gXIB2MRp+vxduPSwZJPWBxEzv4yH1wYLJGUHX4Q=="],

    "jsonschema": ["jsonschema@1.5.0", "", {}, "sha512-K+A9hhqbn0f3pJX17Q/7H6yQfD/5OXgdrR5UE12gMXCiN9D5Xq2o5mddV2QEcX/bjla99ASsAAQUyMCCRWAEhw=="],

    "mime-db": ["mime-db@1.52.0", "", {}, "sha512-sPU4uV7dYlvtWJxwwxHD0PuihVNiE7TyAbQ5SWxDCB9mUYvOgroQOwYQQOKPJ8CIbE+1ETVlOoK1UC2nU3gYvg=="],

    "mime-types": ["mime-types@2.1.35", "", { "dependencies": { "mime-db": "1.52.0" } }, "sha512-ZDY+bPm5zTTF+YpCrAU9nK0UgICYPT0QtT1NZWFv4s++TNkcgVaT0g6+4R2uI4MjQjzysHB1zxuWL50hzaeXiw=="],

    "minimatch": ["minimatch@10.2.6", "", { "dependencies": { "brace-expansion": "^5.0.8" } }, "sha512-vpLQEs+VLCr1nU0BXS07maYoFwlDAH0gngQuuttxIwutDFEMHq2blX+8vpgxDdK3J1PwjCJiep77OitTZ4Ll1A=="],

    "punycode": ["punycode@2.3.1", "", {}, "sha512-vYt7UD1U9Wg6138shLtLOvdAu+8DsC/ilFtEVHcH+wydcSpNE20AfSOduf6MkRFahL5FY7X1oU7nKVZFtfq8Fg=="],

    "semver": ["semver@7.8.5", "", { "bin": { "semver": "bin/semver.js" } }, "sha512-Y7/KDsb8LjooZpwaqGyulO6DQlksgCncchHGk+sZIY4SBvUocMBEFH5Ur1fI4dV+Jvl0w6cjvucaIi40puRioA=="],

    "typescript": ["typescript@5.9.3", "", { "bin": { "tsc": "bin/tsc", "tsserver": "bin/tsserver" } }, "sha512-jl1vZzPDinLr9eUt3J/t7V6FgNEw9QjvBPdysz9KfQDD41fQrC2Y4vKQdiaUpFT4bXlb1RHhLpp8wtm6M5TgSw=="],

    "universalify": ["universalify@2.0.1", "", {}, "sha512-gptHNQghINnc/vTGIk0SOFGFNXw7JVrlRUtConJRlvaw6DuX0wO5Jeko9sWrMBhh+PsYAZ7oXAiOnf/UKogyiw=="],

    "yaml": ["yaml@1.10.3", "", {}, "sha512-vIYeF1u3CjlhAFekPPAk2h/Kv4T3mAkMox5OymRiJQB0spDP10LHvt+K7G9Ny6NuuMAb25/6n1qyUjAcGNf/AA=="],

    "@aws-cdk/cloud-assembly-schema/jsonschema": ["jsonschema@1.5.0", "", { "bundled": true }, "sha512-K+A9hhqbn0f3pJX17Q/7H6yQfD/5OXgdrR5UE12gMXCiN9D5Xq2o5mddV2QEcX/bjla99ASsAAQUyMCCRWAEhw=="],

    "@aws-cdk/cloud-assembly-schema/semver": ["semver@7.8.5", "", { "bundled": true, "bin": { "semver": "bin/semver.js" } }, "sha512-Y7/KDsb8LjooZpwaqGyulO6DQlksgCncchHGk+sZIY4SBvUocMBEFH5Ur1fI4dV+Jvl0w6cjvucaIi40puRioA=="],
  }
}
